{
  "lockfileVersion": 1,
  "workspaces": {
    "": {
      "name": "@elizaos/plugin-openrouter",
      "dependencies": {
        "@ai-sdk/openai": "^2.0.32",
        "@ai-sdk/ui-utils": "1.2.11",
        "@elizaos/core": "^1.5.10",
        "@openrouter/ai-sdk-provider": "^1.2.0",
        "ai": "^5.0.47",
        "undici": "^7.16.0",
      },
      "devDependencies": {
        "@types/bun": "^1.2.22",
        "@types/node": "^24.5.2",
        "dotenv": "^17.2.2",
        "prettier": "3.6.2",
        "typescript": "5.9.2",
      },
    },
  },
  "packages": {
    "@ai-sdk/gateway": ["@ai-sdk/gateway@1.0.24", "", { "dependencies": { "@ai-sdk/provider": "2.0.0", "@ai-sdk/provider-utils": "3.0.9" }, "peerDependencies": { "zod": "^3.25.76 || ^4" } }, "sha512-Mwp0yYXrEnENoDrc7IH9yVRVJ7RrDW0CXWDtyz1BiyqccbtdWhAKu4wtrDMx2FkeK5riiME1kYYdjRnlba3UFw=="],

    "@ai-sdk/openai": ["@ai-sdk/openai@2.0.32", "", { "dependencies": { "@ai-sdk/provider": "2.0.0", "@ai-sdk/provider-utils": "3.0.9" }, "peerDependencies": { "zod": "^3.25.76 || ^4" } }, "sha512-p7giSkCs66Q1qYO/NPYI41CrSg65mcm8R2uAdF86+Y1D1/q4mUrWMyf5UTOJ0bx/z4jIPiNgGDCg2Kabi5zrKQ=="],

    "@ai-sdk/provider": ["@ai-sdk/provider@2.0.0", "", { "dependencies": { "json-schema": "^0.4.0" } }, "sha512-6o7Y2SeO9vFKB8lArHXehNuusnpddKPk7xqL7T2/b+OvXMRIXUO1rR4wcv1hAFUAT9avGZshty3Wlua/XA7TvA=="],

    "@ai-sdk/provider-utils": ["@ai-sdk/provider-utils@3.0.9", "", { "dependencies": { "@ai-sdk/provider": "2.0.0", "@standard-schema/spec": "^1.0.0", "eventsource-parser": "^3.0.5" }, "peerDependencies": { "zod": "^3.25.76 || ^4" } }, "sha512-Pm571x5efqaI4hf9yW4KsVlDBDme8++UepZRnq+kqVBWWjgvGhQlzU8glaFq0YJEB9kkxZHbRRyVeHoV2sRYaQ=="],

    "@ai-sdk/ui-utils": ["@ai-sdk/ui-utils@1.2.11", "", { "dependencies": { "@ai-sdk/provider": "1.1.3", "@ai-sdk/provider-utils": "2.2.8", "zod-to-json-schema": "^3.24.1" }, "peerDependencies": { "zod": "^3.23.8" } }, "sha512-3zcwCc8ezzFlwp3ZD15wAPjf2Au4s3vAbKsXQVyhxODHcmu0iyPO2Eua6D/vicq/AUm/BAo60r97O6HU+EI0+w=="],

    "@cfworker/json-schema": ["@cfworker/json-schema@4.1.1", "", {}, "sha512-gAmrUZSGtKc3AiBL71iNWxDsyUC5uMaKKGdvzYsBoTW/xi42JQHl7eKV2OYzCUqvc+D2RCcf7EXY2iCyFIk6og=="],

    "@elizaos/core": ["@elizaos/core@1.5.10", "", { "dependencies": { "adze": "^2.2.5", "crypto-browserify": "^3.12.0", "dotenv": "16.5.0", "glob": "11.0.3", "handlebars": "^4.7.8", "langchain": "^0.3.15", "pdfjs-dist": "^5.2.133", "unique-names-generator": "4.7.1", "uuid": "11.1.0", "zod": "^3.24.4" } }, "sha512-Ojihe2w9tT2lh9ZaJ0ShxOOtD5GzHrHmUH8WW33GeipUesEZKE4iRxfuKc72c1yXAj3LJtINuw5li4B27BwUiA=="],

    "@isaacs/balanced-match": ["@isaacs/balanced-match@4.0.1", "", {}, "sha512-yzMTt9lEb8Gv7zRioUilSglI0c0smZ9k5D65677DLWLtWJaXIS3CqcGyUFByYKlnUj6TkjLVs54fBl6+TiGQDQ=="],

    "@isaacs/brace-expansion": ["@isaacs/brace-expansion@5.0.0", "", { "dependencies": { "@isaacs/balanced-match": "^4.0.1" } }, "sha512-ZT55BDLV0yv0RBm2czMiZ+SqCGO7AvmOM3G/w2xhVPH+te0aKgFjmBvGlL1dH+ql2tgGO3MVrbb3jCKyvpgnxA=="],

    "@isaacs/cliui": ["@isaacs/cliui@8.0.2", "", { "dependencies": { "string-width": "^5.1.2", "string-width-cjs": "npm:string-width@^4.2.0", "strip-ansi": "^7.0.1", "strip-ansi-cjs": "npm:strip-ansi@^6.0.1", "wrap-ansi": "^8.1.0", "wrap-ansi-cjs": "npm:wrap-ansi@^7.0.0" } }, "sha512-O8jcjabXaleOG9DQ0+ARXWZBTfnP4WNAqzuiJK7ll44AmxGKv/J2M4TPjxjY3znBCfvBXFzucm1twdyFybFqEA=="],

    "@langchain/core": ["@langchain/core@0.3.74", "", { "dependencies": { "@cfworker/json-schema": "^4.0.2", "ansi-styles": "^5.0.0", "camelcase": "6", "decamelize": "1.2.0", "js-tiktoken": "^1.0.12", "langsmith": "^0.3.46", "mustache": "^4.2.0", "p-queue": "^6.6.2", "p-retry": "4", "uuid": "^10.0.0", "zod": "^3.25.32", "zod-to-json-schema": "^3.22.3" } }, "sha512-/QwY4qSOU8S3SrI6ZkNQ/vPsKSVVjWlUNwaZ48bSDgi8S8FFiW2TkNJIU6KNQ1MD15DPPZgOz26dDjF/nmDGtw=="],

    "@langchain/openai": ["@langchain/openai@0.6.11", "", { "dependencies": { "js-tiktoken": "^1.0.12", "openai": "5.12.2", "zod": "^3.25.32" }, "peerDependencies": { "@langchain/core": ">=0.3.68 <0.4.0" } }, "sha512-BkaudQTLsmdt9mF6tn6CrsK2TEFKk4EhAWYkouGTy/ljJIH/p2Nz9awIOGdrQiQt6AJ5mvKGupyVqy3W/jim2Q=="],

    "@langchain/textsplitters": ["@langchain/textsplitters@0.1.0", "", { "dependencies": { "js-tiktoken": "^1.0.12" }, "peerDependencies": { "@langchain/core": ">=0.2.21 <0.4.0" } }, "sha512-djI4uw9rlkAb5iMhtLED+xJebDdAG935AdP4eRTB02R7OB/act55Bj9wsskhZsvuyQRpO4O1wQOp85s6T6GWmw=="],

    "@napi-rs/canvas": ["@napi-rs/canvas@0.1.78", "", { "optionalDependencies": { "@napi-rs/canvas-android-arm64": "0.1.78", "@napi-rs/canvas-darwin-arm64": "0.1.78", "@napi-rs/canvas-darwin-x64": "0.1.78", "@napi-rs/canvas-linux-arm-gnueabihf": "0.1.78", "@napi-rs/canvas-linux-arm64-gnu": "0.1.78", "@napi-rs/canvas-linux-arm64-musl": "0.1.78", "@napi-rs/canvas-linux-riscv64-gnu": "0.1.78", "@napi-rs/canvas-linux-x64-gnu": "0.1.78", "@napi-rs/canvas-linux-x64-musl": "0.1.78", "@napi-rs/canvas-win32-x64-msvc": "0.1.78" } }, "sha512-YaBHJvT+T1DoP16puvWM6w46Lq3VhwKIJ8th5m1iEJyGh7mibk5dT7flBvMQ1EH1LYmMzXJ+OUhu+8wQ9I6u7g=="],

    "@napi-rs/canvas-android-arm64": ["@napi-rs/canvas-android-arm64@0.1.78", "", { "os": "android", "cpu": "arm64" }, "sha512-N1ikxztjrRmh8xxlG5kYm1RuNr8ZW1EINEDQsLhhuy7t0pWI/e7SH91uFVLZKCMDyjel1tyWV93b5fdCAi7ggw=="],

    "@napi-rs/canvas-darwin-arm64": ["@napi-rs/canvas-darwin-arm64@0.1.78", "", { "os": "darwin", "cpu": "arm64" }, "sha512-FA3aCU3G5yGc74BSmnLJTObnZRV+HW+JBTrsU+0WVVaNyVKlb5nMvYAQuieQlRVemsAA2ek2c6nYtHh6u6bwFw=="],

    "@napi-rs/canvas-darwin-x64": ["@napi-rs/canvas-darwin-x64@0.1.78", "", { "os": "darwin", "cpu": "x64" }, "sha512-xVij69o9t/frixCDEoyWoVDKgE3ksLGdmE2nvBWVGmoLu94MWUlv2y4Qzf5oozBmydG5Dcm4pRHFBM7YWa1i6g=="],

    "@napi-rs/canvas-linux-arm-gnueabihf": ["@napi-rs/canvas-linux-arm-gnueabihf@0.1.78", "", { "os": "linux", "cpu": "arm" }, "sha512-aSEXrLcIpBtXpOSnLhTg4jPsjJEnK7Je9KqUdAWjc7T8O4iYlxWxrXFIF8rV8J79h5jNdScgZpAUWYnEcutR3g=="],

    "@napi-rs/canvas-linux-arm64-gnu": ["@napi-rs/canvas-linux-arm64-gnu@0.1.78", "", { "os": "linux", "cpu": "arm64" }, "sha512-dlEPRX1hLGKaY3UtGa1dtkA1uGgFITn2mDnfI6YsLlYyLJQNqHx87D1YTACI4zFCUuLr/EzQDzuX+vnp9YveVg=="],

    "@napi-rs/canvas-linux-arm64-musl": ["@napi-rs/canvas-linux-arm64-musl@0.1.78", "", { "os": "linux", "cpu": "arm64" }, "sha512-TsCfjOPZtm5Q/NO1EZHR5pwDPSPjPEttvnv44GL32Zn1uvudssjTLbvaG1jHq81Qxm16GTXEiYLmx4jOLZQYlg=="],

    "@napi-rs/canvas-linux-riscv64-gnu": ["@napi-rs/canvas-linux-riscv64-gnu@0.1.78", "", { "os": "linux", "cpu": "none" }, "sha512-+cpTTb0GDshEow/5Fy8TpNyzaPsYb3clQIjgWRmzRcuteLU+CHEU/vpYvAcSo7JxHYPJd8fjSr+qqh+nI5AtmA=="],

    "@napi-rs/canvas-linux-x64-gnu": ["@napi-rs/canvas-linux-x64-gnu@0.1.78", "", { "os": "linux", "cpu": "x64" }, "sha512-wxRcvKfvYBgtrO0Uy8OmwvjlnTcHpY45LLwkwVNIWHPqHAsyoTyG/JBSfJ0p5tWRzMOPDCDqdhpIO4LOgXjeyg=="],

    "@napi-rs/canvas-linux-x64-musl": ["@napi-rs/canvas-linux-x64-musl@0.1.78", "", { "os": "linux", "cpu": "x64" }, "sha512-vQFOGwC9QDP0kXlhb2LU1QRw/humXgcbVp8mXlyBqzc/a0eijlLF9wzyarHC1EywpymtS63TAj8PHZnhTYN6hg=="],

    "@napi-rs/canvas-win32-x64-msvc": ["@napi-rs/canvas-win32-x64-msvc@0.1.78", "", { "os": "win32", "cpu": "x64" }, "sha512-/eKlTZBtGUgpRKalzOzRr6h7KVSuziESWXgBcBnXggZmimwIJWPJlEcbrx5Tcwj8rPuZiANXQOG9pPgy9Q4LTQ=="],

    "@openrouter/ai-sdk-provider": ["@openrouter/ai-sdk-provider@1.2.0", "", { "peerDependencies": { "ai": "^5.0.0", "zod": "^3.24.1 || ^v4" } }, "sha512-stuIwq7Yb7DNmk3GuCtz+oS3nZOY4TXEV3V5KsknDGQN7Fpu3KRMQVWRc1J073xKdf0FC9EHOctSyzsACmp5Ag=="],

    "@opentelemetry/api": ["@opentelemetry/api@1.9.0", "", {}, "sha512-3giAOQvZiH5F9bMlMiv8+GSPMeqg0dbaeo58/0SlA9sxSqZhnUtxzX9/2FzyhS9sWQf5S0GJE0AKBrFqjpeYcg=="],

    "@opentelemetry/core": ["@opentelemetry/core@2.1.0", "", { "dependencies": { "@opentelemetry/semantic-conventions": "^1.29.0" }, "peerDependencies": { "@opentelemetry/api": ">=1.0.0 <1.10.0" } }, "sha512-RMEtHsxJs/GiHHxYT58IY57UXAQTuUnZVco6ymDEqTNlJKTimM4qPUPVe8InNFyBjhHBEAx4k3Q8LtNayBsbUQ=="],

    "@opentelemetry/resources": ["@opentelemetry/resources@2.1.0", "", { "dependencies": { "@opentelemetry/core": "2.1.0", "@opentelemetry/semantic-conventions": "^1.29.0" }, "peerDependencies": { "@opentelemetry/api": ">=1.3.0 <1.10.0" } }, "sha512-1CJjf3LCvoefUOgegxi8h6r4B/wLSzInyhGP2UmIBYNlo4Qk5CZ73e1eEyWmfXvFtm1ybkmfb2DqWvspsYLrWw=="],

    "@opentelemetry/sdk-trace-base": ["@opentelemetry/sdk-trace-base@2.1.0", "", { "dependencies": { "@opentelemetry/core": "2.1.0", "@opentelemetry/resources": "2.1.0", "@opentelemetry/semantic-conventions": "^1.29.0" }, "peerDependencies": { "@opentelemetry/api": ">=1.3.0 <1.10.0" } }, "sha512-uTX9FBlVQm4S2gVQO1sb5qyBLq/FPjbp+tmGoxu4tIgtYGmBYB44+KX/725RFDe30yBSaA9Ml9fqphe1hbUyLQ=="],

    "@opentelemetry/semantic-conventions": ["@opentelemetry/semantic-conventions@1.37.0", "", {}, "sha512-JD6DerIKdJGmRp4jQyX5FlrQjA4tjOw1cvfsPAZXfOOEErMUHjPcPSICS+6WnM0nB0efSFARh0KAZss+bvExOA=="],

    "@standard-schema/spec": ["@standard-schema/spec@1.0.0", "", {}, "sha512-m2bOd0f2RT9k8QJx1JN85cZYyH1RqFBdlwtkSlf4tBDYLCiiZnv1fIIwacK6cqwXavOydf0NPToMQgpKq+dVlA=="],

    "@types/bun": ["@types/bun@1.2.22", "", { "dependencies": { "bun-types": "1.2.22" } }, "sha512-5A/KrKos2ZcN0c6ljRSOa1fYIyCKhZfIVYeuyb4snnvomnpFqC0tTsEkdqNxbAgExV384OETQ//WAjl3XbYqQA=="],

    "@types/node": ["@types/node@24.5.2", "", { "dependencies": { "undici-types": "~7.12.0" } }, "sha512-FYxk1I7wPv3K2XBaoyH2cTnocQEu8AOZ60hPbsyukMPLv5/5qr7V1i8PLHdl6Zf87I+xZXFvPCXYjiTFq+YSDQ=="],

    "@types/react": ["@types/react@19.1.12", "", { "dependencies": { "csstype": "^3.0.2" } }, "sha512-cMoR+FoAf/Jyq6+Df2/Z41jISvGZZ2eTlnsaJRptmZ76Caldwy1odD4xTr/gNV9VLj0AWgg/nmkevIyUfIIq5w=="],

    "@types/retry": ["@types/retry@0.12.0", "", {}, "sha512-wWKOClTTiizcZhXnPY4wikVAwmdYHp8q6DmC+EJUzAMsycb7HB32Kh9RN4+0gExjmPmZSAQjgURXIGATPegAvA=="],

    "@types/uuid": ["@types/uuid@10.0.0", "", {}, "sha512-7gqG38EyHgyP1S+7+xomFtL+ZNHcKv6DwNaCZmJmo1vgMugyF3TCnXVg4t1uk89mLNwnLtnY3TpOpCOyp1/xHQ=="],

    "@ungap/structured-clone": ["@ungap/structured-clone@1.2.0", "", {}, "sha512-zuVdFrMJiuCDQUMCzQaD6KL28MjnqqN8XnAqiEq9PNm/hCPTSGfrXCOfwj1ow4LFb/tNymJPwsNbVePc1xFqrQ=="],

    "adze": ["adze@2.2.5", "", { "dependencies": { "@ungap/structured-clone": "1.2.0", "picocolors": "1.1.1" } }, "sha512-QK+1EdcehjO1IRR8Bd4L7jhpeav+Enrp/cRLOlpHMsc4pdFTAKI5RI3rHqCakIVzq1RVZXCIzykMcD31ipiHAQ=="],

    "ai": ["ai@5.0.47", "", { "dependencies": { "@ai-sdk/gateway": "1.0.24", "@ai-sdk/provider": "2.0.0", "@ai-sdk/provider-utils": "3.0.9", "@opentelemetry/api": "1.9.0" }, "peerDependencies": { "zod": "^3.25.76 || ^4" } }, "sha512-/DKfU9tTsQVcUYSDCTu1L7jmvEgzUWOr1xf5UHwwDbRf/HED8LDb60QlWYs6f4BkZsVoLvpliCSjliXiRZywFQ=="],

    "ansi-regex": ["ansi-regex@6.2.0", "", {}, "sha512-TKY5pyBkHyADOPYlRT9Lx6F544mPl0vS5Ew7BJ45hA08Q+t3GjbueLliBWN3sMICk6+y7HdyxSzC4bWS8baBdg=="],

    "ansi-styles": ["ansi-styles@5.2.0", "", {}, "sha512-Cxwpt2SfTzTtXcfOlzGEee8O+c+MmUgGrNiBcXnuWxuFJHe6a5Hz7qwhwe5OgaSYI0IJvkLqWX1ASG+cJOkEiA=="],

    "argparse": ["argparse@2.0.1", "", {}, "sha512-8+9WqebbFzpX9OR+Wa6O29asIogeRMzcGtAINdpMHHyAg10f05aSFVBbcEqGf/PXw1EjAZ+q2/bEBg3DvurK3Q=="],

    "asn1.js": ["asn1.js@4.10.1", "", { "dependencies": { "bn.js": "^4.0.0", "inherits": "^2.0.1", "minimalistic-assert": "^1.0.0" } }, "sha512-p32cOF5q0Zqs9uBiONKYLm6BClCoBCM5O9JfeUSlnQLBTxYdTK+pW+nXflm8UkKd2UYlEbYz5qEi0JuZR9ckSw=="],

    "available-typed-arrays": ["available-typed-arrays@1.0.7", "", { "dependencies": { "possible-typed-array-names": "^1.0.0" } }, "sha512-wvUjBtSGN7+7SjNpq/9M2Tg350UZD3q62IFZLbRAR1bSMlCo1ZaeW+BJ+D090e4hIIZLBcTDWe4Mh4jvUDajzQ=="],

    "base64-js": ["base64-js@1.5.1", "", {}, "sha512-AKpaYlHn8t4SVbOHCy+b5+KKgvR4vrsD8vbvrbiQJps7fKDTkjkDry6ji0rUJjC0kzbNePLwzxq8iypo41qeWA=="],

    "bn.js": ["bn.js@5.2.2", "", {}, "sha512-v2YAxEmKaBLahNwE1mjp4WON6huMNeuDvagFZW+ASCuA/ku0bXR9hSMw0XpiqMoA3+rmnyck/tPRSFQkoC9Cuw=="],

    "brorand": ["brorand@1.1.0", "", {}, "sha512-cKV8tMCEpQs4hK/ik71d6LrPOnpkpGBR0wzxqr68g2m/LB2GxVYQroAjMJZRVM1Y4BCjCKc3vAamxSzOY2RP+w=="],

    "browserify-aes": ["browserify-aes@1.2.0", "", { "dependencies": { "buffer-xor": "^1.0.3", "cipher-base": "^1.0.0", "create-hash": "^1.1.0", "evp_bytestokey": "^1.0.3", "inherits": "^2.0.1", "safe-buffer": "^5.0.1" } }, "sha512-+7CHXqGuspUn/Sl5aO7Ea0xWGAtETPXNSAjHo48JfLdPWcMng33Xe4znFvQweqc/uzk5zSOI3H52CYnjCfb5hA=="],

    "browserify-cipher": ["browserify-cipher@1.0.1", "", { "dependencies": { "browserify-aes": "^1.0.4", "browserify-des": "^1.0.0", "evp_bytestokey": "^1.0.0" } }, "sha512-sPhkz0ARKbf4rRQt2hTpAHqn47X3llLkUGn+xEJzLjwY8LRs2p0v7ljvI5EyoRO/mexrNunNECisZs+gw2zz1w=="],

    "browserify-des": ["browserify-des@1.0.2", "", { "dependencies": { "cipher-base": "^1.0.1", "des.js": "^1.0.0", "inherits": "^2.0.1", "safe-buffer": "^5.1.2" } }, "sha512-BioO1xf3hFwz4kc6iBhI3ieDFompMhrMlnDFC4/0/vd5MokpuAc3R+LYbwTA9A5Yc9pq9UYPqffKpW2ObuwX5A=="],

    "browserify-rsa": ["browserify-rsa@4.1.1", "", { "dependencies": { "bn.js": "^5.2.1", "randombytes": "^2.1.0", "safe-buffer": "^5.2.1" } }, "sha512-YBjSAiTqM04ZVei6sXighu679a3SqWORA3qZTEqZImnlkDIFtKc6pNutpjyZ8RJTjQtuYfeetkxM11GwoYXMIQ=="],

    "browserify-sign": ["browserify-sign@4.2.3", "", { "dependencies": { "bn.js": "^5.2.1", "browserify-rsa": "^4.1.0", "create-hash": "^1.2.0", "create-hmac": "^1.1.7", "elliptic": "^6.5.5", "hash-base": "~3.0", "inherits": "^2.0.4", "parse-asn1": "^5.1.7", "readable-stream": "^2.3.8", "safe-buffer": "^5.2.1" } }, "sha512-JWCZW6SKhfhjJxO8Tyiiy+XYB7cqd2S5/+WeYHsKdNKFlCBhKbblba1A/HN/90YwtxKc8tCErjffZl++UNmGiw=="],

    "buffer-xor": ["buffer-xor@1.0.3", "", {}, "sha512-571s0T7nZWK6vB67HI5dyUF7wXiNcfaPPPTl6zYCNApANjIvYJTg7hlud/+cJpdAhS7dVzqMLmfhfHR3rAcOjQ=="],

    "bun-types": ["bun-types@1.2.22", "", { "dependencies": { "@types/node": "*" }, "peerDependencies": { "@types/react": "^19" } }, "sha512-hwaAu8tct/Zn6Zft4U9BsZcXkYomzpHJX28ofvx7k0Zz2HNz54n1n+tDgxoWFGB4PcFvJXJQloPhaV2eP3Q6EA=="],

    "call-bind": ["call-bind@1.0.8", "", { "dependencies": { "call-bind-apply-helpers": "^1.0.0", "es-define-property": "^1.0.0", "get-intrinsic": "^1.2.4", "set-function-length": "^1.2.2" } }, "sha512-oKlSFMcMwpUg2ednkhQ454wfWiU/ul3CkJe/PEHcTKuiX6RpbehUiFMXu13HalGZxfUwCQzZG747YXBn1im9ww=="],

    "call-bind-apply-helpers": ["call-bind-apply-helpers@1.0.2", "", { "dependencies": { "es-errors": "^1.3.0", "function-bind": "^1.1.2" } }, "sha512-Sp1ablJ0ivDkSzjcaJdxEunN5/XvksFJ2sMBFfq6x0ryhQV/2b/KwFe21cMpmHtPOSij8K99/wSfoEuTObmuMQ=="],

    "call-bound": ["call-bound@1.0.4", "", { "dependencies": { "call-bind-apply-helpers": "^1.0.2", "get-intrinsic": "^1.3.0" } }, "sha512-+ys997U96po4Kx/ABpBCqhA9EuxJaQWDQg7295H4hBphv3IZg0boBKuwYpt4YXp6MZ5AmZQnU/tyMTlRpaSejg=="],

    "camelcase": ["camelcase@6.3.0", "", {}, "sha512-Gmy6FhYlCY7uOElZUSbxo2UCDH8owEk996gkbrpsgGtrJLM3J7jGxl9Ic7Qwwj4ivOE5AWZWRMecDdF7hqGjFA=="],

    "chalk": ["chalk@4.1.2", "", { "dependencies": { "ansi-styles": "^4.1.0", "supports-color": "^7.1.0" } }, "sha512-oKnbhFyRIXpUuez8iBMmyEa4nbj4IOQyuhc/wy9kY7/WVPcwIO9VA668Pu8RkO7+0G76SLROeyw9CpQ061i4mA=="],

    "cipher-base": ["cipher-base@1.0.6", "", { "dependencies": { "inherits": "^2.0.4", "safe-buffer": "^5.2.1" } }, "sha512-3Ek9H3X6pj5TgenXYtNWdaBon1tgYCaebd+XPg0keyjEbEfkD4KkmAxkQ/i1vYvxdcT5nscLBfq9VJRmCBcFSw=="],

    "color-convert": ["color-convert@2.0.1", "", { "dependencies": { "color-name": "~1.1.4" } }, "sha512-RRECPsj7iu/xb5oKYcsFHSppFNnsj/52OVTRKb4zP5onXwVF3zVmmToNcOfGC+CRDpfK/U584fMg38ZHCaElKQ=="],

    "color-name": ["color-name@1.1.4", "", {}, "sha512-dOy+3AuW3a2wNbZHIuMZpTcgjGuLU/uBL/ubcZF9OXbDo8ff4O8yVp5Bf0efS8uEoYo5q4Fx7dY9OgQGXgAsQA=="],

    "console-table-printer": ["console-table-printer@2.14.6", "", { "dependencies": { "simple-wcswidth": "^1.0.1" } }, "sha512-MCBl5HNVaFuuHW6FGbL/4fB7N/ormCy+tQ+sxTrF6QtSbSNETvPuOVbkJBhzDgYhvjWGrTma4eYJa37ZuoQsPw=="],

    "core-util-is": ["core-util-is@1.0.3", "", {}, "sha512-ZQBvi1DcpJ4GDqanjucZ2Hj3wEO5pZDS89BWbkcrvdxksJorwUDDZamX9ldFkp9aw2lmBDLgkObEA4DWNJ9FYQ=="],

    "create-ecdh": ["create-ecdh@4.0.4", "", { "dependencies": { "bn.js": "^4.1.0", "elliptic": "^6.5.3" } }, "sha512-mf+TCx8wWc9VpuxfP2ht0iSISLZnt0JgWlrOKZiNqyUZWnjIaCIVNQArMHnCZKfEYRg6IM7A+NeJoN8gf/Ws0A=="],

    "create-hash": ["create-hash@1.2.0", "", { "dependencies": { "cipher-base": "^1.0.1", "inherits": "^2.0.1", "md5.js": "^1.3.4", "ripemd160": "^2.0.1", "sha.js": "^2.4.0" } }, "sha512-z00bCGNHDG8mHAkP7CtT1qVu+bFQUPjYq/4Iv3C3kWjTFV10zIjfSoeqXo9Asws8gwSHDGj/hl2u4OGIjapeCg=="],

    "create-hmac": ["create-hmac@1.1.7", "", { "dependencies": { "cipher-base": "^1.0.3", "create-hash": "^1.1.0", "inherits": "^2.0.1", "ripemd160": "^2.0.0", "safe-buffer": "^5.0.1", "sha.js": "^2.4.8" } }, "sha512-MJG9liiZ+ogc4TzUwuvbER1JRdgvUFSB5+VR/g5h82fGaIRWMWddtKBHi7/sVhfjQZ6SehlyhvQYrcYkaUIpLg=="],

    "cross-spawn": ["cross-spawn@7.0.6", "", { "dependencies": { "path-key": "^3.1.0", "shebang-command": "^2.0.0", "which": "^2.0.1" } }, "sha512-uV2QOWP2nWzsy2aMp8aRibhi9dlzF5Hgh5SHaB9OiTGEyDTiJJyx0uy51QXdyWbtAHNua4XJzUKca3OzKUd3vA=="],

    "crypto-browserify": ["crypto-browserify@3.12.1", "", { "dependencies": { "browserify-cipher": "^1.0.1", "browserify-sign": "^4.2.3", "create-ecdh": "^4.0.4", "create-hash": "^1.2.0", "create-hmac": "^1.1.7", "diffie-hellman": "^5.0.3", "hash-base": "~3.0.4", "inherits": "^2.0.4", "pbkdf2": "^3.1.2", "public-encrypt": "^4.0.3", "randombytes": "^2.1.0", "randomfill": "^1.0.4" } }, "sha512-r4ESw/IlusD17lgQi1O20Fa3qNnsckR126TdUuBgAu7GBYSIPvdNyONd3Zrxh0xCwA4+6w/TDArBPsMvhur+KQ=="],

    "csstype": ["csstype@3.1.3", "", {}, "sha512-M1uQkMl8rQK/szD0LNhtqxIPLpimGm8sOBwU7lLnCpSbTyY3yeU1Vc7l4KT5zT4s/yOxHH5O7tIuuLOCnLADRw=="],

    "decamelize": ["decamelize@1.2.0", "", {}, "sha512-z2S+W9X73hAUUki+N+9Za2lBlun89zigOyGrsax+KUQ6wKW4ZoWpEYBkGhQjwAjjDCkWxhY0VKEhk8wzY7F5cA=="],

    "define-data-property": ["define-data-property@1.1.4", "", { "dependencies": { "es-define-property": "^1.0.0", "es-errors": "^1.3.0", "gopd": "^1.0.1" } }, "sha512-rBMvIzlpA8v6E+SJZoo++HAYqsLrkg7MSfIinMPFhmkorw7X+dOXVJQs+QT69zGkzMyfDnIMN2Wid1+NbL3T+A=="],

    "des.js": ["des.js@1.1.0", "", { "dependencies": { "inherits": "^2.0.1", "minimalistic-assert": "^1.0.0" } }, "sha512-r17GxjhUCjSRy8aiJpr8/UadFIzMzJGexI3Nmz4ADi9LYSFx4gTBp80+NaX/YsXWWLhpZ7v/v/ubEc/bCNfKwg=="],

    "diffie-hellman": ["diffie-hellman@5.0.3", "", { "dependencies": { "bn.js": "^4.1.0", "miller-rabin": "^4.0.0", "randombytes": "^2.0.0" } }, "sha512-kqag/Nl+f3GwyK25fhUMYj81BUOrZ9IuJsjIcDE5icNM9FJHAVm3VcUDxdLPoQtTuUylWm6ZIknYJwwaPxsUzg=="],

    "dotenv": ["dotenv@17.2.2", "", {}, "sha512-Sf2LSQP+bOlhKWWyhFsn0UsfdK/kCWRv1iuA2gXAwt3dyNabr6QSj00I2V10pidqz69soatm9ZwZvpQMTIOd5Q=="],

    "dunder-proto": ["dunder-proto@1.0.1", "", { "dependencies": { "call-bind-apply-helpers": "^1.0.1", "es-errors": "^1.3.0", "gopd": "^1.2.0" } }, "sha512-KIN/nDJBQRcXw0MLVhZE9iQHmG68qAVIBg9CqmUYjmQIhgij9U5MFvrqkUL5FbtyyzZuOeOt0zdeRe4UY7ct+A=="],

    "eastasianwidth": ["eastasianwidth@0.2.0", "", {}, "sha512-I88TYZWc9XiYHRQ4/3c5rjjfgkjhLyW2luGIheGERbNQ6OY7yTybanSpDXZa8y7VUP9YmDcYa+eyq4ca7iLqWA=="],

    "elliptic": ["elliptic@6.6.1", "", { "dependencies": { "bn.js": "^4.11.9", "brorand": "^1.1.0", "hash.js": "^1.0.0", "hmac-drbg": "^1.0.1", "inherits": "^2.0.4", "minimalistic-assert": "^1.0.1", "minimalistic-crypto-utils": "^1.0.1" } }, "sha512-RaddvvMatK2LJHqFJ+YA4WysVN5Ita9E35botqIYspQ4TkRAlCicdzKOjlyv/1Za5RyTNn7di//eEV0uTAfe3g=="],

    "emoji-regex": ["emoji-regex@9.2.2", "", {}, "sha512-L18DaJsXSUk2+42pv8mLs5jJT2hqFkFE4j21wOmgbUqsZ2hL72NsUU785g9RXgo3s0ZNgVl42TiHp3ZtOv/Vyg=="],

    "es-define-property": ["es-define-property@1.0.1", "", {}, "sha512-e3nRfgfUZ4rNGL232gUgX06QNyyez04KdjFrF+LTRoOXmrOgFKDg4BCdsjW8EnT69eqdYGmRpJwiPVYNrCaW3g=="],

    "es-errors": ["es-errors@1.3.0", "", {}, "sha512-Zf5H2Kxt2xjTvbJvP2ZWLEICxA6j+hAmMzIlypy4xcBg1vKVnx89Wy0GbS+kf5cwCVFFzdCFh2XSCFNULS6csw=="],

    "es-object-atoms": ["es-object-atoms@1.1.1", "", { "dependencies": { "es-errors": "^1.3.0" } }, "sha512-FGgH2h8zKNim9ljj7dankFPcICIK9Cp5bm+c2gQSYePhpaG5+esrLODihIorn+Pe6FGJzWhXQotPv73jTaldXA=="],

    "eventemitter3": ["eventemitter3@4.0.7", "", {}, "sha512-8guHBZCwKnFhYdHr2ysuRWErTwhoN2X8XELRlrRwpmfeY2jjuUN4taQMsULKUVo1K4DvZl+0pgfyoysHxvmvEw=="],

    "eventsource-parser": ["eventsource-parser@3.0.6", "", {}, "sha512-Vo1ab+QXPzZ4tCa8SwIHJFaSzy4R6SHf7BY79rFBDf0idraZWAkYrDjDj8uWaSm3S2TK+hJ7/t1CEmZ7jXw+pg=="],

    "evp_bytestokey": ["evp_bytestokey@1.0.3", "", { "dependencies": { "md5.js": "^1.3.4", "safe-buffer": "^5.1.1" } }, "sha512-/f2Go4TognH/KvCISP7OUsHn85hT9nUkxxA9BEWxFn+Oj9o8ZNLm/40hdlgSLyuOimsrTKLUMEorQexp/aPQeA=="],

    "for-each": ["for-each@0.3.5", "", { "dependencies": { "is-callable": "^1.2.7" } }, "sha512-dKx12eRCVIzqCxFGplyFKJMPvLEWgmNtUrpTiJIR5u97zEhRG8ySrtboPHZXx7daLxQVrl643cTzbab2tkQjxg=="],

    "foreground-child": ["foreground-child@3.3.1", "", { "dependencies": { "cross-spawn": "^7.0.6", "signal-exit": "^4.0.1" } }, "sha512-gIXjKqtFuWEgzFRJA9WCQeSJLZDjgJUOMCMzxtvFq/37KojM1BFGufqsCy0r4qSQmYLsZYMeyRqzIWOMup03sw=="],

    "function-bind": ["function-bind@1.1.2", "", {}, "sha512-7XHNxH7qX9xG5mIwxkhumTox/MIRNcOgDrxWsMt2pAr23WHp6MrRlN7FBSFpCpr+oVO0F744iUgR82nJMfG2SA=="],

    "get-intrinsic": ["get-intrinsic@1.3.0", "", { "dependencies": { "call-bind-apply-helpers": "^1.0.2", "es-define-property": "^1.0.1", "es-errors": "^1.3.0", "es-object-atoms": "^1.1.1", "function-bind": "^1.1.2", "get-proto": "^1.0.1", "gopd": "^1.2.0", "has-symbols": "^1.1.0", "hasown": "^2.0.2", "math-intrinsics": "^1.1.0" } }, "sha512-9fSjSaos/fRIVIp+xSJlE6lfwhES7LNtKaCBIamHsjr2na1BiABJPo0mOjjz8GJDURarmCPGqaiVg5mfjb98CQ=="],

    "get-proto": ["get-proto@1.0.1", "", { "dependencies": { "dunder-proto": "^1.0.1", "es-object-atoms": "^1.0.0" } }, "sha512-sTSfBjoXBp89JvIKIefqw7U2CCebsc74kiY6awiGogKtoSGbgjYE/G/+l9sF3MWFPNc9IcoOC4ODfKHfxFmp0g=="],

    "glob": ["glob@11.0.3", "", { "dependencies": { "foreground-child": "^3.3.1", "jackspeak": "^4.1.1", "minimatch": "^10.0.3", "minipass": "^7.1.2", "package-json-from-dist": "^1.0.0", "path-scurry": "^2.0.0" }, "bin": { "glob": "dist/esm/bin.mjs" } }, "sha512-2Nim7dha1KVkaiF4q6Dj+ngPPMdfvLJEOpZk/jKiUAkqKebpGAWQXAq9z1xu9HKu5lWfqw/FASuccEjyznjPaA=="],

    "gopd": ["gopd@1.2.0", "", {}, "sha512-ZUKRh6/kUFoAiTAtTYPZJ3hw9wNxx+BIBOijnlG9PnrJsCcSjs1wyyD6vJpaYtgnzDrKYRSqf3OO6Rfa93xsRg=="],

    "handlebars": ["handlebars@4.7.8", "", { "dependencies": { "minimist": "^1.2.5", "neo-async": "^2.6.2", "source-map": "^0.6.1", "wordwrap": "^1.0.0" }, "optionalDependencies": { "uglify-js": "^3.1.4" }, "bin": { "handlebars": "bin/handlebars" } }, "sha512-vafaFqs8MZkRrSX7sFVUdo3ap/eNiLnb4IakshzvP56X5Nr1iGKAIqdX6tMlm6HcNRIkr6AxO5jFEoJzzpT8aQ=="],

    "has-flag": ["has-flag@4.0.0", "", {}, "sha512-EykJT/Q1KjTWctppgIAgfSO0tKVuZUjhgMr17kqTumMl6Afv3EISleU7qZUzoXDFTAHTDC4NOoG/ZxU3EvlMPQ=="],

    "has-property-descriptors": ["has-property-descriptors@1.0.2", "", { "dependencies": { "es-define-property": "^1.0.0" } }, "sha512-55JNKuIW+vq4Ke1BjOTjM2YctQIvCT7GFzHwmfZPGo5wnrgkid0YQtnAleFSqumZm4az3n2BS+erby5ipJdgrg=="],

    "has-symbols": ["has-symbols@1.1.0", "", {}, "sha512-1cDNdwJ2Jaohmb3sg4OmKaMBwuC48sYni5HUw2DvsC8LjGTLK9h+eb1X6RyuOHe4hT0ULCW68iomhjUoKUqlPQ=="],

    "has-tostringtag": ["has-tostringtag@1.0.2", "", { "dependencies": { "has-symbols": "^1.0.3" } }, "sha512-NqADB8VjPFLM2V0VvHUewwwsw0ZWBaIdgo+ieHtK3hasLz4qeCRjYcqfB6AQrBggRKppKF8L52/VqdVsO47Dlw=="],

    "hash-base": ["hash-base@3.0.5", "", { "dependencies": { "inherits": "^2.0.4", "safe-buffer": "^5.2.1" } }, "sha512-vXm0l45VbcHEVlTCzs8M+s0VeYsB2lnlAaThoLKGXr3bE/VWDOelNUnycUPEhKEaXARL2TEFjBOyUiM6+55KBg=="],

    "hash.js": ["hash.js@1.1.7", "", { "dependencies": { "inherits": "^2.0.3", "minimalistic-assert": "^1.0.1" } }, "sha512-taOaskGt4z4SOANNseOviYDvjEJinIkRgmp7LbKP2YTTmVxWBl87s/uzK9r+44BclBSp2X7K1hqeNfz9JbBeXA=="],

    "hasown": ["hasown@2.0.2", "", { "dependencies": { "function-bind": "^1.1.2" } }, "sha512-0hJU9SCPvmMzIBdZFqNPXWa6dqh7WdH0cII9y+CyS8rG3nL48Bclra9HmKhVVUHyPWNH5Y7xDwAB7bfgSjkUMQ=="],

    "hmac-drbg": ["hmac-drbg@1.0.1", "", { "dependencies": { "hash.js": "^1.0.3", "minimalistic-assert": "^1.0.0", "minimalistic-crypto-utils": "^1.0.1" } }, "sha512-Tti3gMqLdZfhOQY1Mzf/AanLiqh1WTiJgEj26ZuYQ9fbkLomzGchCws4FyrSd4VkpBfiNhaE1On+lOz894jvXg=="],

    "inherits": ["inherits@2.0.4", "", {}, "sha512-k/vGaX4/Yla3WzyMCvTQOXYeIHvqOKtnqBduzTHpzpQZzAskKMhZ2K+EnBiSM9zGSoIFeMpXKxa4dYeZIQqewQ=="],

    "is-callable": ["is-callable@1.2.7", "", {}, "sha512-1BC0BVFhS/p0qtw6enp8e+8OD0UrK0oFLztSjNzhcKA3WDuJxxAPXzPuPtKkjEY9UUoEWlX/8fgKeu2S8i9JTA=="],

    "is-fullwidth-code-point": ["is-fullwidth-code-point@3.0.0", "", {}, "sha512-zymm5+u+sCsSWyD9qNaejV3DFvhCKclKdizYaJUuHA83RLjb7nSuGnddCHGv0hk+KY7BMAlsWeK4Ueg6EV6XQg=="],

    "is-typed-array": ["is-typed-array@1.1.15", "", { "dependencies": { "which-typed-array": "^1.1.16" } }, "sha512-p3EcsicXjit7SaskXHs1hA91QxgTw46Fv6EFKKGS5DRFLD8yKnohjF3hxoju94b/OcMZoQukzpPpBE9uLVKzgQ=="],

    "isarray": ["isarray@1.0.0", "", {}, "sha512-VLghIWNM6ELQzo7zwmcg0NmTVyWKYjvIeM83yjp0wRDTmUnrM678fQbcKBo6n2CJEF0szoG//ytg+TKla89ALQ=="],

    "isexe": ["isexe@2.0.0", "", {}, "sha512-RHxMLp9lnKHGHRng9QFhRCMbYAcVpn69smSGcq3f36xjgVVWThj4qqLbTLlq7Ssj8B+fIQ1EuCEGI2lKsyQeIw=="],

    "jackspeak": ["jackspeak@4.1.1", "", { "dependencies": { "@isaacs/cliui": "^8.0.2" } }, "sha512-zptv57P3GpL+O0I7VdMJNBZCu+BPHVQUk55Ft8/QCJjTVxrnJHuVuX/0Bl2A6/+2oyR/ZMEuFKwmzqqZ/U5nPQ=="],

    "js-tiktoken": ["js-tiktoken@1.0.21", "", { "dependencies": { "base64-js": "^1.5.1" } }, "sha512-biOj/6M5qdgx5TKjDnFT1ymSpM5tbd3ylwDtrQvFQSu0Z7bBYko2dF+W/aUkXUPuk6IVpRxk/3Q2sHOzGlS36g=="],

    "js-yaml": ["js-yaml@4.1.0", "", { "dependencies": { "argparse": "^2.0.1" }, "bin": { "js-yaml": "bin/js-yaml.js" } }, "sha512-wpxZs9NoxZaJESJGIZTyDEaYpl0FKSA+FB9aJiyemKhMwkxQg63h4T1KJgUGHpTqPDNRcmmYLugrRjJlBtWvRA=="],

    "json-schema": ["json-schema@0.4.0", "", {}, "sha512-es94M3nTIfsEPisRafak+HDLfHXnKBhV3vU5eqPcS3flIWqcxJWgXHXiey3YrpaNsanY5ei1VoYEbOzijuq9BA=="],

    "jsonpointer": ["jsonpointer@5.0.1", "", {}, "sha512-p/nXbhSEcu3pZRdkW1OfJhpsVtW1gd4Wa1fnQc9YLiTfAjn0312eMKimbdIQzuZl9aa9xUGaRlP9T/CJE/ditQ=="],

    "langchain": ["langchain@0.3.33", "", { "dependencies": { "@langchain/openai": ">=0.1.0 <0.7.0", "@langchain/textsplitters": ">=0.0.0 <0.2.0", "js-tiktoken": "^1.0.12", "js-yaml": "^4.1.0", "jsonpointer": "^5.0.1", "langsmith": "^0.3.46", "openapi-types": "^12.1.3", "p-retry": "4", "uuid": "^10.0.0", "yaml": "^2.2.1", "zod": "^3.25.32" }, "peerDependencies": { "@langchain/anthropic": "*", "@langchain/aws": "*", "@langchain/cerebras": "*", "@langchain/cohere": "*", "@langchain/core": ">=0.3.58 <0.4.0", "@langchain/deepseek": "*", "@langchain/google-genai": "*", "@langchain/google-vertexai": "*", "@langchain/google-vertexai-web": "*", "@langchain/groq": "*", "@langchain/mistralai": "*", "@langchain/ollama": "*", "@langchain/xai": "*", "axios": "*", "cheerio": "*", "handlebars": "^4.7.8", "peggy": "^3.0.2", "typeorm": "*" }, "optionalPeers": ["@langchain/anthropic", "@langchain/aws", "@langchain/cerebras", "@langchain/cohere", "@langchain/deepseek", "@langchain/google-genai", "@langchain/google-vertexai", "@langchain/google-vertexai-web", "@langchain/groq", "@langchain/mistralai", "@langchain/ollama", "@langchain/xai", "axios", "cheerio", "handlebars", "peggy", "typeorm"] }, "sha512-MgMfy/68/xUi02dSg4AZhXjo4jQ+WuVYrU/ryzn59nUb+LXaMRoP/C9eaqblin0OLqGp93jfT8FXDg5mcqSg5A=="],

    "langsmith": ["langsmith@0.3.67", "", { "dependencies": { "@types/uuid": "^10.0.0", "chalk": "^4.1.2", "console-table-printer": "^2.12.1", "p-queue": "^6.6.2", "p-retry": "4", "semver": "^7.6.3", "uuid": "^10.0.0" }, "peerDependencies": { "@opentelemetry/api": "*", "@opentelemetry/exporter-trace-otlp-proto": "*", "@opentelemetry/sdk-trace-base": "*", "openai": "*" }, "optionalPeers": ["@opentelemetry/api", "@opentelemetry/exporter-trace-otlp-proto", "@opentelemetry/sdk-trace-base", "openai"] }, "sha512-l4y3RmJ9yWF5a29fLg3eWZQxn6Q6dxTOgLGgQHzPGZHF3NUynn+A+airYIe/Yt4rwjGbuVrABAPsXBkVu/Hi7g=="],

    "lru-cache": ["lru-cache@11.2.1", "", {}, "sha512-r8LA6i4LP4EeWOhqBaZZjDWwehd1xUJPCJd9Sv300H0ZmcUER4+JPh7bqqZeqs1o5pgtgvXm+d9UGrB5zZGDiQ=="],

    "math-intrinsics": ["math-intrinsics@1.1.0", "", {}, "sha512-/IXtbwEk5HTPyEwyKX6hGkYXxM9nbj64B+ilVJnC/R6B0pH5G4V3b0pVbL7DBj4tkhBAppbQUlf6F6Xl9LHu1g=="],

    "md5.js": ["md5.js@1.3.5", "", { "dependencies": { "hash-base": "^3.0.0", "inherits": "^2.0.1", "safe-buffer": "^5.1.2" } }, "sha512-xitP+WxNPcTTOgnTJcrhM0xvdPepipPSf3I8EIpGKeFLjt3PlJLIDG3u8EX53ZIubkb+5U2+3rELYpEhHhzdkg=="],

    "miller-rabin": ["miller-rabin@4.0.1", "", { "dependencies": { "bn.js": "^4.0.0", "brorand": "^1.0.1" }, "bin": { "miller-rabin": "bin/miller-rabin" } }, "sha512-115fLhvZVqWwHPbClyntxEVfVDfl9DLLTuJvq3g2O/Oxi8AiNouAHvDSzHS0viUJc+V5vm3eq91Xwqn9dp4jRA=="],

    "minimalistic-assert": ["minimalistic-assert@1.0.1", "", {}, "sha512-UtJcAD4yEaGtjPezWuO9wC4nwUnVH/8/Im3yEHQP4b67cXlD/Qr9hdITCU1xDbSEXg2XKNaP8jsReV7vQd00/A=="],

    "minimalistic-crypto-utils": ["minimalistic-crypto-utils@1.0.1", "", {}, "sha512-JIYlbt6g8i5jKfJ3xz7rF0LXmv2TkDxBLUkiBeZ7bAx4GnnNMr8xFpGnOxn6GhTEHx3SjRrZEoU+j04prX1ktg=="],

    "minimatch": ["minimatch@10.0.3", "", { "dependencies": { "@isaacs/brace-expansion": "^5.0.0" } }, "sha512-IPZ167aShDZZUMdRk66cyQAW3qr0WzbHkPdMYa8bzZhlHhO3jALbKdxcaak7W9FfT2rZNpQuUu4Od7ILEpXSaw=="],

    "minimist": ["minimist@1.2.8", "", {}, "sha512-2yyAR8qBkN3YuheJanUpWC5U3bb5osDywNB8RzDVlDwDHbocAJveqqj1u8+SVD7jkWT4yvsHCpWqqWqAxb0zCA=="],

    "minipass": ["minipass@7.1.2", "", {}, "sha512-qOOzS1cBTWYF4BH8fVePDBOO9iptMnGUEZwNc/cMWnTV2nVLZ7VoNWEPHkYczZA0pdoA7dl6e7FL659nX9S2aw=="],

    "mustache": ["mustache@4.2.0", "", { "bin": { "mustache": "bin/mustache" } }, "sha512-71ippSywq5Yb7/tVYyGbkBggbU8H3u5Rz56fH60jGFgr8uHwxs+aSKeqmluIVzM0m0kB7xQjKS6qPfd0b2ZoqQ=="],

    "nanoid": ["nanoid@3.3.11", "", { "bin": { "nanoid": "bin/nanoid.cjs" } }, "sha512-N8SpfPUnUp1bK+PMYW8qSWdl9U+wwNWI4QKxOYDy9JAro3WMX7p2OeVRF9v+347pnakNevPmiHhNmZ2HbFA76w=="],

    "neo-async": ["neo-async@2.6.2", "", {}, "sha512-Yd3UES5mWCSqR+qNT93S3UoYUkqAZ9lLg8a7g9rimsWmYGK8cVToA4/sF3RrshdyV3sAGMXVUmpMYOw+dLpOuw=="],

    "openai": ["openai@5.12.2", "", { "peerDependencies": { "ws": "^8.18.0", "zod": "^3.23.8" }, "optionalPeers": ["ws", "zod"], "bin": { "openai": "bin/cli" } }, "sha512-xqzHHQch5Tws5PcKR2xsZGX9xtch+JQFz5zb14dGqlshmmDAFBFEWmeIpf7wVqWV+w7Emj7jRgkNJakyKE0tYQ=="],

    "openapi-types": ["openapi-types@12.1.3", "", {}, "sha512-N4YtSYJqghVu4iek2ZUvcN/0aqH1kRDuNqzcycDxhOUpg7GdvLa2F3DgS6yBNhInhv2r/6I0Flkn7CqL8+nIcw=="],

    "p-finally": ["p-finally@1.0.0", "", {}, "sha512-LICb2p9CB7FS+0eR1oqWnHhp0FljGLZCWBE9aix0Uye9W8LTQPwMTYVGWQWIw9RdQiDg4+epXQODwIYJtSJaow=="],

    "p-queue": ["p-queue@6.6.2", "", { "dependencies": { "eventemitter3": "^4.0.4", "p-timeout": "^3.2.0" } }, "sha512-RwFpb72c/BhQLEXIZ5K2e+AhgNVmIejGlTgiB9MzZ0e93GRvqZ7uSi0dvRF7/XIXDeNkra2fNHBxTyPDGySpjQ=="],

    "p-retry": ["p-retry@4.6.2", "", { "dependencies": { "@types/retry": "0.12.0", "retry": "^0.13.1" } }, "sha512-312Id396EbJdvRONlngUx0NydfrIQ5lsYu0znKVUzVvArzEIt08V1qhtyESbGVd1FGX7UKtiFp5uwKZdM8wIuQ=="],

    "p-timeout": ["p-timeout@3.2.0", "", { "dependencies": { "p-finally": "^1.0.0" } }, "sha512-rhIwUycgwwKcP9yTOOFK/AKsAopjjCakVqLHePO3CC6Mir1Z99xT+R63jZxAT5lFZLa2inS5h+ZS2GvR99/FBg=="],

    "package-json-from-dist": ["package-json-from-dist@1.0.1", "", {}, "sha512-UEZIS3/by4OC8vL3P2dTXRETpebLI2NiI5vIrjaD/5UtrkFX/tNbwjTSRAGC/+7CAo2pIcBaRgWmcBBHcsaCIw=="],

    "parse-asn1": ["parse-asn1@5.1.7", "", { "dependencies": { "asn1.js": "^4.10.1", "browserify-aes": "^1.2.0", "evp_bytestokey": "^1.0.3", "hash-base": "~3.0", "pbkdf2": "^3.1.2", "safe-buffer": "^5.2.1" } }, "sha512-CTM5kuWR3sx9IFamcl5ErfPl6ea/N8IYwiJ+vpeB2g+1iknv7zBl5uPwbMbRVznRVbrNY6lGuDoE5b30grmbqg=="],

    "path-key": ["path-key@3.1.1", "", {}, "sha512-ojmeN0qd+y0jszEtoY48r0Peq5dwMEkIlCOu6Q5f41lfkswXuKtYrhgoTpLnyIcHm24Uhqx+5Tqm2InSwLhE6Q=="],

    "path-scurry": ["path-scurry@2.0.0", "", { "dependencies": { "lru-cache": "^11.0.0", "minipass": "^7.1.2" } }, "sha512-ypGJsmGtdXUOeM5u93TyeIEfEhM6s+ljAhrk5vAvSx8uyY/02OvrZnA0YNGUrPXfpJMgI1ODd3nwz8Npx4O4cg=="],

    "pbkdf2": ["pbkdf2@3.1.3", "", { "dependencies": { "create-hash": "~1.1.3", "create-hmac": "^1.1.7", "ripemd160": "=2.0.1", "safe-buffer": "^5.2.1", "sha.js": "^2.4.11", "to-buffer": "^1.2.0" } }, "sha512-wfRLBZ0feWRhCIkoMB6ete7czJcnNnqRpcoWQBLqatqXXmelSRqfdDK4F3u9T2s2cXas/hQJcryI/4lAL+XTlA=="],

    "pdfjs-dist": ["pdfjs-dist@5.4.149", "", { "optionalDependencies": { "@napi-rs/canvas": "^0.1.77" } }, "sha512-Xe8/1FMJEQPUVSti25AlDpwpUm2QAVmNOpFP0SIahaPIOKBKICaefbzogLdwey3XGGoaP4Lb9wqiw2e9Jqp0LA=="],

    "picocolors": ["picocolors@1.1.1", "", {}, "sha512-xceH2snhtb5M9liqDsmEw56le376mTZkEX/jEb/RxNFyegNul7eNslCXP9FDj/Lcu0X8KEyMceP2ntpaHrDEVA=="],

    "possible-typed-array-names": ["possible-typed-array-names@1.1.0", "", {}, "sha512-/+5VFTchJDoVj3bhoqi6UeymcD00DAwb1nJwamzPvHEszJ4FpF6SNNbUbOS8yI56qHzdV8eK0qEfOSiodkTdxg=="],

    "prettier": ["prettier@3.6.2", "", { "bin": { "prettier": "bin/prettier.cjs" } }, "sha512-I7AIg5boAr5R0FFtJ6rCfD+LFsWHp81dolrFD8S79U9tb8Az2nGrJncnMSnys+bpQJfRUzqs9hnA81OAA3hCuQ=="],

    "process-nextick-args": ["process-nextick-args@2.0.1", "", {}, "sha512-3ouUOpQhtgrbOa17J7+uxOTpITYWaGP7/AhoR3+A+/1e9skrzelGi/dXzEYyvbxubEF6Wn2ypscTKiKJFFn1ag=="],

    "public-encrypt": ["public-encrypt@4.0.3", "", { "dependencies": { "bn.js": "^4.1.0", "browserify-rsa": "^4.0.0", "create-hash": "^1.1.0", "parse-asn1": "^5.0.0", "randombytes": "^2.0.1", "safe-buffer": "^5.1.2" } }, "sha512-zVpa8oKZSz5bTMTFClc1fQOnyyEzpl5ozpi1B5YcvBrdohMjH2rfsBtyXcuNuwjsDIXmBYlF2N5FlJYhR29t8Q=="],

    "randombytes": ["randombytes@2.1.0", "", { "dependencies": { "safe-buffer": "^5.1.0" } }, "sha512-vYl3iOX+4CKUWuxGi9Ukhie6fsqXqS9FE2Zaic4tNFD2N2QQaXOMFbuKK4QmDHC0JO6B1Zp41J0LpT0oR68amQ=="],

    "randomfill": ["randomfill@1.0.4", "", { "dependencies": { "randombytes": "^2.0.5", "safe-buffer": "^5.1.0" } }, "sha512-87lcbR8+MhcWcUiQ+9e+Rwx8MyR2P7qnt15ynUlbm3TU/fjbgz4GsvfSUDTemtCCtVCqb4ZcEFlyPNTh9bBTLw=="],

    "readable-stream": ["readable-stream@2.3.8", "", { "dependencies": { "core-util-is": "~1.0.0", "inherits": "~2.0.3", "isarray": "~1.0.0", "process-nextick-args": "~2.0.0", "safe-buffer": "~5.1.1", "string_decoder": "~1.1.1", "util-deprecate": "~1.0.1" } }, "sha512-8p0AUk4XODgIewSi0l8Epjs+EVnWiK7NoDIEGU0HhE7+ZyY8D1IMY7odu5lRrFXGg71L15KG8QrPmum45RTtdA=="],

    "retry": ["retry@0.13.1", "", {}, "sha512-XQBQ3I8W1Cge0Seh+6gjj03LbmRFWuoszgK9ooCpwYIrhhoO80pfq4cUkU5DkknwfOfFteRwlZ56PYOGYyFWdg=="],

    "ripemd160": ["ripemd160@2.0.2", "", { "dependencies": { "hash-base": "^3.0.0", "inherits": "^2.0.1" } }, "sha512-ii4iagi25WusVoiC4B4lq7pbXfAp3D9v5CwfkY33vffw2+pkDjY1D8GaN7spsxvCSx8dkPqOZCEZyfxcmJG2IA=="],

    "safe-buffer": ["safe-buffer@5.2.1", "", {}, "sha512-rp3So07KcdmmKbGvgaNxQSJr7bGVSVk5S9Eq1F+ppbRo70+YeaDxkw5Dd8NPN+GD6bjnYm2VuPuCXmpuYvmCXQ=="],

    "secure-json-parse": ["secure-json-parse@2.7.0", "", {}, "sha512-6aU+Rwsezw7VR8/nyvKTx8QpWH9FrcYiXXlqC4z5d5XQBDRqtbfsRjnwGyqbi3gddNtWHuEk9OANUotL26qKUw=="],

    "semver": ["semver@7.7.2", "", { "bin": { "semver": "bin/semver.js" } }, "sha512-RF0Fw+rO5AMf9MAyaRXI4AV0Ulj5lMHqVxxdSgiVbixSCXoEmmX/jk0CuJw4+3SqroYO9VoUh+HcuJivvtJemA=="],

    "set-function-length": ["set-function-length@1.2.2", "", { "dependencies": { "define-data-property": "^1.1.4", "es-errors": "^1.3.0", "function-bind": "^1.1.2", "get-intrinsic": "^1.2.4", "gopd": "^1.0.1", "has-property-descriptors": "^1.0.2" } }, "sha512-pgRc4hJ4/sNjWCSS9AmnS40x3bNMDTknHgL5UaMBTMyJnU90EgWh1Rz+MC9eFu4BuN/UwZjKQuY/1v3rM7HMfg=="],

    "sha.js": ["sha.js@2.4.12", "", { "dependencies": { "inherits": "^2.0.4", "safe-buffer": "^5.2.1", "to-buffer": "^1.2.0" }, "bin": { "sha.js": "bin.js" } }, "sha512-8LzC5+bvI45BjpfXU8V5fdU2mfeKiQe1D1gIMn7XUlF3OTUrpdJpPPH4EMAnF0DsHHdSZqCdSss5qCmJKuiO3w=="],

    "shebang-command": ["shebang-command@2.0.0", "", { "dependencies": { "shebang-regex": "^3.0.0" } }, "sha512-kHxr2zZpYtdmrN1qDjrrX/Z1rR1kG8Dx+gkpK1G4eXmvXswmcE1hTWBWYUzlraYw1/yZp6YuDY77YtvbN0dmDA=="],

    "shebang-regex": ["shebang-regex@3.0.0", "", {}, "sha512-7++dFhtcx3353uBaq8DDR4NuxBetBzC7ZQOhmTQInHEd6bSrXdiEyzCvG07Z44UYdLShWUyXt5M/yhz8ekcb1A=="],

    "signal-exit": ["signal-exit@4.1.0", "", {}, "sha512-bzyZ1e88w9O1iNJbKnOlvYTrWPDl46O1bG0D3XInv+9tkPrxrN8jUUTiFlDkkmKWgn1M6CfIA13SuGqOa9Korw=="],

    "simple-wcswidth": ["simple-wcswidth@1.1.2", "", {}, "sha512-j7piyCjAeTDSjzTSQ7DokZtMNwNlEAyxqSZeCS+CXH7fJ4jx3FuJ/mTW3mE+6JLs4VJBbcll0Kjn+KXI5t21Iw=="],

    "source-map": ["source-map@0.6.1", "", {}, "sha512-UjgapumWlbMhkBgzT7Ykc5YXUT46F0iKu8SGXq0bcwP5dz/h0Plj6enJqjz1Zbq2l5WaqYnrVbwWOWMyF3F47g=="],

    "string-width": ["string-width@5.1.2", "", { "dependencies": { "eastasianwidth": "^0.2.0", "emoji-regex": "^9.2.2", "strip-ansi": "^7.0.1" } }, "sha512-HnLOCR3vjcY8beoNLtcjZ5/nxn2afmME6lhrDrebokqMap+XbeW8n9TXpPDOqdGK5qcI3oT0GKTW6wC7EMiVqA=="],

    "string-width-cjs": ["string-width@4.2.3", "", { "dependencies": { "emoji-regex": "^8.0.0", "is-fullwidth-code-point": "^3.0.0", "strip-ansi": "^6.0.1" } }, "sha512-wKyQRQpjJ0sIp62ErSZdGsjMJWsap5oRNihHhu6G7JVO/9jIB6UyevL+tXuOqrng8j/cxKTWyWUwvSTriiZz/g=="],

    "string_decoder": ["string_decoder@1.1.1", "", { "dependencies": { "safe-buffer": "~5.1.0" } }, "sha512-n/ShnvDi6FHbbVfviro+WojiFzv+s8MPMHBczVePfUpDJLwoLT0ht1l4YwBCbi8pJAveEEdnkHyPyTP/mzRfwg=="],

    "strip-ansi": ["strip-ansi@7.1.0", "", { "dependencies": { "ansi-regex": "^6.0.1" } }, "sha512-iq6eVVI64nQQTRYq2KtEg2d2uU7LElhTJwsH4YzIHZshxlgZms/wIc4VoDQTlG/IvVIrBKG06CrZnp0qv7hkcQ=="],

    "strip-ansi-cjs": ["strip-ansi@6.0.1", "", { "dependencies": { "ansi-regex": "^5.0.1" } }, "sha512-Y38VPSHcqkFrCpFnQ9vuSXmquuv5oXOKpGeT6aGrr3o3Gc9AlVa6JBfUSOCnbxGGZF+/0ooI7KrPuUSztUdU5A=="],

    "supports-color": ["supports-color@7.2.0", "", { "dependencies": { "has-flag": "^4.0.0" } }, "sha512-qpCAvRl9stuOHveKsn7HncJRvv501qIacKzQlO/+Lwxc9+0q2wLyv4Dfvt80/DPn2pqOBsJdDiogXGR9+OvwRw=="],

    "to-buffer": ["to-buffer@1.2.1", "", { "dependencies": { "isarray": "^2.0.5", "safe-buffer": "^5.2.1", "typed-array-buffer": "^1.0.3" } }, "sha512-tB82LpAIWjhLYbqjx3X4zEeHN6M8CiuOEy2JY8SEQVdYRe3CCHOFaqrBW1doLDrfpWhplcW7BL+bO3/6S3pcDQ=="],

    "typed-array-buffer": ["typed-array-buffer@1.0.3", "", { "dependencies": { "call-bound": "^1.0.3", "es-errors": "^1.3.0", "is-typed-array": "^1.1.14" } }, "sha512-nAYYwfY3qnzX30IkA6AQZjVbtK6duGontcQm1WSG1MD94YLqK0515GNApXkoxKOWMusVssAHWLh9SeaoefYFGw=="],

    "typescript": ["typescript@5.9.2", "", { "bin": { "tsc": "bin/tsc", "tsserver": "bin/tsserver" } }, "sha512-CWBzXQrc/qOkhidw1OzBTQuYRbfyxDXJMVJ1XNwUHGROVmuaeiEm3OslpZ1RV96d7SKKjZKrSJu3+t/xlw3R9A=="],

    "uglify-js": ["uglify-js@3.19.3", "", { "bin": { "uglifyjs": "bin/uglifyjs" } }, "sha512-v3Xu+yuwBXisp6QYTcH4UbH+xYJXqnq2m/LtQVWKWzYc1iehYnLixoQDN9FH6/j9/oybfd6W9Ghwkl8+UMKTKQ=="],

    "undici": ["undici@7.16.0", "", {}, "sha512-QEg3HPMll0o3t2ourKwOeUAZ159Kn9mx5pnzHRQO8+Wixmh88YdZRiIwat0iNzNNXn0yoEtXJqFpyW7eM8BV7g=="],

    "undici-types": ["undici-types@7.12.0", "", {}, "sha512-goOacqME2GYyOZZfb5Lgtu+1IDmAlAEu5xnD3+xTzS10hT0vzpf0SPjkXwAw9Jm+4n/mQGDP3LO8CPbYROeBfQ=="],

    "unique-names-generator": ["unique-names-generator@4.7.1", "", {}, "sha512-lMx9dX+KRmG8sq6gulYYpKWZc9RlGsgBR6aoO8Qsm3qvkSJ+3rAymr+TnV8EDMrIrwuFJ4kruzMWM/OpYzPoow=="],

    "util-deprecate": ["util-deprecate@1.0.2", "", {}, "sha512-EPD5q1uXyFxJpCrLnCc1nHnq3gOa6DZBocAIiI2TaSCA7VCJ1UJDMagCzIkXNsUYfD1daK//LTEQ8xiIbrHtcw=="],

    "uuid": ["uuid@11.1.0", "", { "bin": { "uuid": "dist/esm/bin/uuid" } }, "sha512-0/A9rDy9P7cJ+8w1c9WD9V//9Wj15Ce2MPz8Ri6032usz+NfePxx5AcN3bN+r6ZL6jEo066/yNYB3tn4pQEx+A=="],

    "which": ["which@2.0.2", "", { "dependencies": { "isexe": "^2.0.0" }, "bin": { "node-which": "./bin/node-which" } }, "sha512-BLI3Tl1TW3Pvl70l3yq3Y64i+awpwXqsGBYWkkqMtnbXgrMD+yj7rhW0kuEDxzJaYXGjEW5ogapKNMEKNMjibA=="],

    "which-typed-array": ["which-typed-array@1.1.19", "", { "dependencies": { "available-typed-arrays": "^1.0.7", "call-bind": "^1.0.8", "call-bound": "^1.0.4", "for-each": "^0.3.5", "get-proto": "^1.0.1", "gopd": "^1.2.0", "has-tostringtag": "^1.0.2" } }, "sha512-rEvr90Bck4WZt9HHFC4DJMsjvu7x+r6bImz0/BrbWb7A2djJ8hnZMrWnHo9F8ssv0OMErasDhftrfROTyqSDrw=="],

    "wordwrap": ["wordwrap@1.0.0", "", {}, "sha512-gvVzJFlPycKc5dZN4yPkP8w7Dc37BtP1yczEneOb4uq34pXZcvrtRTmWV8W+Ume+XCxKgbjM+nevkyFPMybd4Q=="],

    "wrap-ansi": ["wrap-ansi@8.1.0", "", { "dependencies": { "ansi-styles": "^6.1.0", "string-width": "^5.0.1", "strip-ansi": "^7.0.1" } }, "sha512-si7QWI6zUMq56bESFvagtmzMdGOtoxfR+Sez11Mobfc7tm+VkUckk9bW2UeffTGVUbOksxmSw0AA2gs8g71NCQ=="],

    "wrap-ansi-cjs": ["wrap-ansi@7.0.0", "", { "dependencies": { "ansi-styles": "^4.0.0", "string-width": "^4.1.0", "strip-ansi": "^6.0.0" } }, "sha512-YVGIj2kamLSTxw6NsZjoBxfSwsn0ycdesmc4p+Q21c5zPuZ1pl+NfxVdxPtdHvmNVOQ6XSYG4AUtyt/Fi7D16Q=="],

    "yaml": ["yaml@2.8.1", "", { "bin": { "yaml": "bin.mjs" } }, "sha512-lcYcMxX2PO9XMGvAJkJ3OsNMw+/7FKes7/hgerGUYWIoWu5j/+YQqcZr5JnPZWzOsEBgMbSbiSTn/dv/69Mkpw=="],

    "zod": ["zod@3.25.76", "", {}, "sha512-gzUt/qt81nXsFGKIFcC3YnfEAx5NkunCfnDlvuBSSFS02bcXu4Lmea0AFIUwbLWxWPx3d9p8S5QoaujKcNQxcQ=="],

    "zod-to-json-schema": ["zod-to-json-schema@3.24.6", "", { "peerDependencies": { "zod": "^3.24.1" } }, "sha512-h/z3PKvcTcTetyjl1fkj79MHNEjm+HpD6NXheWjzOekY7kV+lwDYnHw+ivHkijnCSMz1yJaWBD9vu/Fcmk+vEg=="],

    "@ai-sdk/ui-utils/@ai-sdk/provider": ["@ai-sdk/provider@1.1.3", "", { "dependencies": { "json-schema": "^0.4.0" } }, "sha512-qZMxYJ0qqX/RfnuIaab+zp8UAeJn/ygXXAffR5I4N0n1IrvA6qBsjc8hXLmBiMV2zoXlifkacF7sEFnYnjBcqg=="],

    "@ai-sdk/ui-utils/@ai-sdk/provider-utils": ["@ai-sdk/provider-utils@2.2.8", "", { "dependencies": { "@ai-sdk/provider": "1.1.3", "nanoid": "^3.3.8", "secure-json-parse": "^2.7.0" }, "peerDependencies": { "zod": "^3.23.8" } }, "sha512-fqhG+4sCVv8x7nFzYnFo19ryhAa3w096Kmc3hWxMQfW/TubPOmt3A6tYZhl4mUfQWWQMsuSkLrtjlWuXBVSGQA=="],

    "@elizaos/core/dotenv": ["dotenv@16.5.0", "", {}, "sha512-m/C+AwOAr9/W1UOIZUo232ejMNnJAJtYQjUbHoNTBNTJSvqzzDh7vnrei3o3r3m9blf6ZoDkvcw0VmozNRFJxg=="],

    "@langchain/core/uuid": ["uuid@10.0.0", "", { "bin": { "uuid": "dist/bin/uuid" } }, "sha512-8XkAphELsDnEGrDxUOHB3RGvXz6TeuYSGEZBOjtTtPm2lwhGBjLgOzLHB63IUWfBpNucQjND6d3AOudO+H3RWQ=="],

    "asn1.js/bn.js": ["bn.js@4.12.2", "", {}, "sha512-n4DSx829VRTRByMRGdjQ9iqsN0Bh4OolPsFnaZBLcbi8iXcB+kJ9s7EnRt4wILZNV3kPLHkRVfOc/HvhC3ovDw=="],

    "chalk/ansi-styles": ["ansi-styles@4.3.0", "", { "dependencies": { "color-convert": "^2.0.1" } }, "sha512-zbB9rCJAT1rbjiVDb2hqKFHNYLxgtk8NURxZ3IZwD3F6NtxbXZQCnnSi1Lkx+IDohdPlFp222wVALIheZJQSEg=="],

    "create-ecdh/bn.js": ["bn.js@4.12.2", "", {}, "sha512-n4DSx829VRTRByMRGdjQ9iqsN0Bh4OolPsFnaZBLcbi8iXcB+kJ9s7EnRt4wILZNV3kPLHkRVfOc/HvhC3ovDw=="],

    "diffie-hellman/bn.js": ["bn.js@4.12.2", "", {}, "sha512-n4DSx829VRTRByMRGdjQ9iqsN0Bh4OolPsFnaZBLcbi8iXcB+kJ9s7EnRt4wILZNV3kPLHkRVfOc/HvhC3ovDw=="],

    "elliptic/bn.js": ["bn.js@4.12.2", "", {}, "sha512-n4DSx829VRTRByMRGdjQ9iqsN0Bh4OolPsFnaZBLcbi8iXcB+kJ9s7EnRt4wILZNV3kPLHkRVfOc/HvhC3ovDw=="],

    "langchain/uuid": ["uuid@10.0.0", "", { "bin": { "uuid": "dist/bin/uuid" } }, "sha512-8XkAphELsDnEGrDxUOHB3RGvXz6TeuYSGEZBOjtTtPm2lwhGBjLgOzLHB63IUWfBpNucQjND6d3AOudO+H3RWQ=="],

    "langsmith/uuid": ["uuid@10.0.0", "", { "bin": { "uuid": "dist/bin/uuid" } }, "sha512-8XkAphELsDnEGrDxUOHB3RGvXz6TeuYSGEZBOjtTtPm2lwhGBjLgOzLHB63IUWfBpNucQjND6d3AOudO+H3RWQ=="],

    "miller-rabin/bn.js": ["bn.js@4.12.2", "", {}, "sha512-n4DSx829VRTRByMRGdjQ9iqsN0Bh4OolPsFnaZBLcbi8iXcB+kJ9s7EnRt4wILZNV3kPLHkRVfOc/HvhC3ovDw=="],

    "pbkdf2/create-hash": ["create-hash@1.1.3", "", { "dependencies": { "cipher-base": "^1.0.1", "inherits": "^2.0.1", "ripemd160": "^2.0.0", "sha.js": "^2.4.0" } }, "sha512-snRpch/kwQhcdlnZKYanNF1m0RDlrCdSKQaH87w1FCFPVPNCQ/Il9QJKAX2jVBZddRdaHBMC+zXa9Gw9tmkNUA=="],

    "pbkdf2/ripemd160": ["ripemd160@2.0.1", "", { "dependencies": { "hash-base": "^2.0.0", "inherits": "^2.0.1" } }, "sha512-J7f4wutN8mdbV08MJnXibYpCOPHR+yzy+iQ/AsjMv2j8cLavQ8VGagDFUwwTAdF8FmRKVeNpbTTEwNHCW1g94w=="],

    "public-encrypt/bn.js": ["bn.js@4.12.2", "", {}, "sha512-n4DSx829VRTRByMRGdjQ9iqsN0Bh4OolPsFnaZBLcbi8iXcB+kJ9s7EnRt4wILZNV3kPLHkRVfOc/HvhC3ovDw=="],

    "readable-stream/safe-buffer": ["safe-buffer@5.1.2", "", {}, "sha512-Gd2UZBJDkXlY7GbJxfsE8/nvKkUEU1G38c1siN6QP6a9PT9MmHB8GnpscSmMJSoF8LOIrt8ud/wPtojys4G6+g=="],

    "string-width-cjs/emoji-regex": ["emoji-regex@8.0.0", "", {}, "sha512-MSjYzcWNOA0ewAHpz0MxpYFvwg6yjy1NG3xteoqz644VCo/RPgnr1/GGt+ic3iJTzQ8Eu3TdM14SawnVUmGE6A=="],

    "string-width-cjs/strip-ansi": ["strip-ansi@6.0.1", "", { "dependencies": { "ansi-regex": "^5.0.1" } }, "sha512-Y38VPSHcqkFrCpFnQ9vuSXmquuv5oXOKpGeT6aGrr3o3Gc9AlVa6JBfUSOCnbxGGZF+/0ooI7KrPuUSztUdU5A=="],

    "string_decoder/safe-buffer": ["safe-buffer@5.1.2", "", {}, "sha512-Gd2UZBJDkXlY7GbJxfsE8/nvKkUEU1G38c1siN6QP6a9PT9MmHB8GnpscSmMJSoF8LOIrt8ud/wPtojys4G6+g=="],

    "strip-ansi-cjs/ansi-regex": ["ansi-regex@5.0.1", "", {}, "sha512-quJQXlTSUGL2LH9SUXo8VwsY4soanhgo6LNSm84E1LBcE8s3O0wpdiRzyR9z/ZZJMlMWv37qOOb9pdJlMUEKFQ=="],

    "to-buffer/isarray": ["isarray@2.0.5", "", {}, "sha512-xHjhDr3cNBK0BzdUJSPXZntQUx/mwMS5Rw4A7lPJ90XGAO6ISP/ePDNuo0vhqOZU+UD5JoodwCAAoZQd3FeAKw=="],

    "wrap-ansi/ansi-styles": ["ansi-styles@6.2.1", "", {}, "sha512-bN798gFfQX+viw3R7yrGWRqnrN2oRkEkUjjl4JNn4E8GxxbjtG3FbrEIIY3l8/hrwUwIeCZvi4QuOTP4MErVug=="],

    "wrap-ansi-cjs/ansi-styles": ["ansi-styles@4.3.0", "", { "dependencies": { "color-convert": "^2.0.1" } }, "sha512-zbB9rCJAT1rbjiVDb2hqKFHNYLxgtk8NURxZ3IZwD3F6NtxbXZQCnnSi1Lkx+IDohdPlFp222wVALIheZJQSEg=="],

    "wrap-ansi-cjs/string-width": ["string-width@4.2.3", "", { "dependencies": { "emoji-regex": "^8.0.0", "is-fullwidth-code-point": "^3.0.0", "strip-ansi": "^6.0.1" } }, "sha512-wKyQRQpjJ0sIp62ErSZdGsjMJWsap5oRNihHhu6G7JVO/9jIB6UyevL+tXuOqrng8j/cxKTWyWUwvSTriiZz/g=="],

    "wrap-ansi-cjs/strip-ansi": ["strip-ansi@6.0.1", "", { "dependencies": { "ansi-regex": "^5.0.1" } }, "sha512-Y38VPSHcqkFrCpFnQ9vuSXmquuv5oXOKpGeT6aGrr3o3Gc9AlVa6JBfUSOCnbxGGZF+/0ooI7KrPuUSztUdU5A=="],

    "pbkdf2/create-hash/ripemd160": ["ripemd160@2.0.2", "", { "dependencies": { "hash-base": "^3.0.0", "inherits": "^2.0.1" } }, "sha512-ii4iagi25WusVoiC4B4lq7pbXfAp3D9v5CwfkY33vffw2+pkDjY1D8GaN7spsxvCSx8dkPqOZCEZyfxcmJG2IA=="],

    "pbkdf2/ripemd160/hash-base": ["hash-base@2.0.2", "", { "dependencies": { "inherits": "^2.0.1" } }, "sha512-0TROgQ1/SxE6KmxWSvXHvRj90/Xo1JvZShofnYF+f6ZsGtR4eES7WfrQzPalmyagfKZCXpVnitiRebZulWsbiw=="],

    "string-width-cjs/strip-ansi/ansi-regex": ["ansi-regex@5.0.1", "", {}, "sha512-quJQXlTSUGL2LH9SUXo8VwsY4soanhgo6LNSm84E1LBcE8s3O0wpdiRzyR9z/ZZJMlMWv37qOOb9pdJlMUEKFQ=="],

    "wrap-ansi-cjs/string-width/emoji-regex": ["emoji-regex@8.0.0", "", {}, "sha512-MSjYzcWNOA0ewAHpz0MxpYFvwg6yjy1NG3xteoqz644VCo/RPgnr1/GGt+ic3iJTzQ8Eu3TdM14SawnVUmGE6A=="],

    "wrap-ansi-cjs/strip-ansi/ansi-regex": ["ansi-regex@5.0.1", "", {}, "sha512-quJQXlTSUGL2LH9SUXo8VwsY4soanhgo6LNSm84E1LBcE8s3O0wpdiRzyR9z/ZZJMlMWv37qOOb9pdJlMUEKFQ=="],
  }
}
